# This file is automatically @generated by Poetry 2.1.2 and should not be changed by hand.

[[package]]
name = "adafruit-blinka"
version = "8.56.0"
description = "CircuitPython APIs for non-CircuitPython versions of Python such as CPython on Linux and MicroPython."
optional = false
python-versions = ">=3.7.0"
groups = ["main"]
files = [
    {file = "adafruit_blinka-8.56.0-py3-none-any.whl", hash = "sha256:2e0e1b2e031915a9daea25fdc9fe31be5f458667f5ca835948d5928193342afc"},
    {file = "adafruit_blinka-8.56.0.tar.gz", hash = "sha256:f119cf100bc2e33ec5bc90ab6552bf19a7a6f362c0d51ad2dd819716dab2b798"},
]

[package.dependencies]
adafruit-circuitpython-typing = "*"
Adafruit-PlatformDetect = ">=3.70.1"
Adafruit-PureIO = ">=1.1.7"
binho-host-adapter = ">=0.1.6"
pyftdi = ">=0.40.0"
sysv_ipc = {version = ">=1.1.0", markers = "sys_platform == \"linux\" and platform_machine != \"mips\""}
toml = {version = ">=0.10.2", markers = "python_version < \"3.11\""}

[[package]]
name = "adafruit-circuitpython-74hc595"
version = "1.4.6"
description = "CircuitPython driver for 74HC595 shift register."
optional = false
python-versions = "*"
groups = ["main"]
files = [
    {file = "adafruit_circuitpython_74hc595-1.4.6-py3-none-any.whl", hash = "sha256:c6ce5b4e88b2b9008912d669036b03c5430db197a26a61cb5395c3aa35198293"},
    {file = "adafruit_circuitpython_74hc595-1.4.6.tar.gz", hash = "sha256:339ea7affbdcc61e5f1707d2c96be6b5d15f987805711e5bc64828c44dc4de30"},
]

[package.dependencies]
Adafruit-Blinka = "*"
adafruit-circuitpython-busdevice = "*"
adafruit-circuitpython-typing = "*"

[[package]]
name = "adafruit-circuitpython-busdevice"
version = "5.2.11"
description = "CircuitPython bus device classes to manage bus sharing."
optional = false
python-versions = "*"
groups = ["main"]
files = [
    {file = "adafruit_circuitpython_busdevice-5.2.11-py3-none-any.whl", hash = "sha256:d4379c9ae86a15f7044dea815a94525ca9eda6a7c0b2fa0e75cf9e700c9384b8"},
    {file = "adafruit_circuitpython_busdevice-5.2.11.tar.gz", hash = "sha256:a9a1310bee7021703ccc247bb3ff04d0873573948a6c7bee9016361cd6707a71"},
]

[package.dependencies]
Adafruit-Blinka = ">=7.0.0"
adafruit-circuitpython-typing = "*"

[[package]]
name = "adafruit-circuitpython-charlcd"
version = "3.5.1"
description = "CircuitPython library for standard character LCDs."
optional = false
python-versions = "*"
groups = ["main"]
files = [
    {file = "adafruit_circuitpython_charlcd-3.5.1-py3-none-any.whl", hash = "sha256:2fc6c718ff6116e9d06a226c6757102eb6c38a3823a780b8097d51ff7b506a1a"},
    {file = "adafruit_circuitpython_charlcd-3.5.1.tar.gz", hash = "sha256:c0e019766ba6534bf87538e09cb253c4cbfd067f59ef4ee4fd95e8831e3525be"},
]

[package.dependencies]
Adafruit-Blinka = "*"
adafruit-circuitpython-74hc595 = "*"
adafruit-circuitpython-busdevice = "*"
adafruit-circuitpython-mcp230xx = "*"
adafruit-circuitpython-typing = ">=1.5,<2.0"

[[package]]
name = "adafruit-circuitpython-connectionmanager"
version = "3.1.3"
description = "A urllib3.poolmanager/urllib3.connectionpool-like library for managing sockets and connections"
optional = false
python-versions = "*"
groups = ["main"]
files = [
    {file = "adafruit_circuitpython_connectionmanager-3.1.3-py3-none-any.whl", hash = "sha256:9df3a4c617dae27bad1ac8607f1a084312c8498d831ebe1c6a2c8d5cb309daea"},
    {file = "adafruit_circuitpython_connectionmanager-3.1.3.tar.gz", hash = "sha256:0f133bdedf454ede0c0a866ed605fe166cc85f75cfcea74758e3622ae403e5f9"},
]

[package.dependencies]
Adafruit-Blinka = "*"

[[package]]
name = "adafruit-circuitpython-dht"
version = "4.0.7"
description = "CircuitPython support for DHT11 and DHT22 type temperature/humidity devices"
optional = false
python-versions = "*"
groups = ["main"]
files = [
    {file = "adafruit_circuitpython_dht-4.0.7-py3-none-any.whl", hash = "sha256:a124b9171bfd70300f51b500dc591ae06575b5f58fe9a0c885d3b71cb5dbf86d"},
    {file = "adafruit_circuitpython_dht-4.0.7.tar.gz", hash = "sha256:9a7b8822fbb20dcafaa7b8514a3524609f04713d318acc50442b5d23d0cd15e6"},
]

[package.dependencies]
Adafruit-Blinka = "*"

[[package]]
name = "adafruit-circuitpython-mcp230xx"
version = "2.5.16"
description = "CircuitPython library for controlling a MCP23008 or MCP23017 I2C GPIO expander."
optional = false
python-versions = "*"
groups = ["main"]
files = [
    {file = "adafruit_circuitpython_mcp230xx-2.5.16-py3-none-any.whl", hash = "sha256:09a4910cbb531fab399b07cc85265d8328821b57780234d1ab79ccb6e4c87bdf"},
    {file = "adafruit_circuitpython_mcp230xx-2.5.16.tar.gz", hash = "sha256:4a8d419e816be0974894b2c1262483dac8d0e6b115e4c47ab5004c6b47c075d4"},
]

[package.dependencies]
Adafruit-Blinka = "*"
adafruit-circuitpython-busdevice = "*"

[[package]]
name = "adafruit-circuitpython-requests"
version = "4.1.10"
description = "A requests-like library for web interfacing"
optional = false
python-versions = "*"
groups = ["main"]
files = [
    {file = "adafruit_circuitpython_requests-4.1.10-py3-none-any.whl", hash = "sha256:6a54aa39436e83e0dc75d60c861e5befa333bff265b947ea263156e64e467122"},
    {file = "adafruit_circuitpython_requests-4.1.10.tar.gz", hash = "sha256:a8657fe4b3a74c224e7365ebefa7742cc198373c1702bfc3f2b0ca3c4fd288b3"},
]

[package.dependencies]
Adafruit-Blinka = "*"
Adafruit-Circuitpython-ConnectionManager = "*"

[package.extras]
optional = ["requests"]

[[package]]
name = "adafruit-circuitpython-typing"
version = "1.11.2"
description = "Types needed for type annotation that are not in `typing`"
optional = false
python-versions = ">=3.8"
groups = ["main"]
files = [
    {file = "adafruit_circuitpython_typing-1.11.2-py3-none-any.whl", hash = "sha256:e1401a09bbfdf67e43875cc6755b3af0eda8381b12c9c8f759bd7676b7425e1c"},
    {file = "adafruit_circuitpython_typing-1.11.2.tar.gz", hash = "sha256:c7ac8532a9ad7e4a65d5588764b7483c0b6967d305c37faebcc0c5356d677e33"},
]

[package.dependencies]
Adafruit-Blinka = "*"
adafruit-circuitpython-busdevice = "*"
adafruit-circuitpython-requests = "*"
typing_extensions = ">=4.0,<5.0"

[[package]]
name = "adafruit-platformdetect"
version = "3.77.0"
description = "Platform detection for use by libraries like Adafruit-Blinka."
optional = false
python-versions = "*"
groups = ["main"]
files = [
    {file = "Adafruit_PlatformDetect-3.77.0-py3-none-any.whl", hash = "sha256:93f599c21e7db2d92bc32ac69ba5063876404c4af87d11358863e62f407409be"},
    {file = "adafruit_platformdetect-3.77.0.tar.gz", hash = "sha256:adce6386059637e92b4cb5d3430d016119cd3eb19f9276920c54515f3d798949"},
]

[[package]]
name = "adafruit-pureio"
version = "1.1.11"
description = "Pure python (i.e. no native extensions) access to Linux IO    including I2C and SPI. Drop in replacement for smbus and spidev modules."
optional = false
python-versions = ">=3.5.0"
groups = ["main"]
files = [
    {file = "Adafruit_PureIO-1.1.11-py3-none-any.whl", hash = "sha256:281ab2099372cc0decc26326918996cbf21b8eed694ec4764d51eefa029d324e"},
    {file = "Adafruit_PureIO-1.1.11.tar.gz", hash = "sha256:c4cfbb365731942d1f1092a116f47dfdae0aef18c5b27f1072b5824ad5ea8c7c"},
]

[[package]]
name = "attrs"
version = "25.3.0"
description = "Classes Without Boilerplate"
optional = false
python-versions = ">=3.8"
groups = ["dev"]
files = [
    {file = "attrs-25.3.0-py3-none-any.whl", hash = "sha256:427318ce031701fea540783410126f03899a97ffc6f61596ad581ac2e40e3bc3"},
    {file = "attrs-25.3.0.tar.gz", hash = "sha256:75d7cefc7fb576747b2c81b4442d4d4a1ce0900973527c011d1030fd3bf4af1b"},
]

[package.extras]
benchmark = ["cloudpickle ; platform_python_implementation == \"CPython\"", "hypothesis", "mypy (>=1.11.1) ; platform_python_implementation == \"CPython\" and python_version >= \"3.10\"", "pympler", "pytest (>=4.3.0)", "pytest-codspeed", "pytest-mypy-plugins ; platform_python_implementation == \"CPython\" and python_version >= \"3.10\"", "pytest-xdist[psutil]"]
cov = ["cloudpickle ; platform_python_implementation == \"CPython\"", "coverage[toml] (>=5.3)", "hypothesis", "mypy (>=1.11.1) ; platform_python_implementation == \"CPython\" and python_version >= \"3.10\"", "pympler", "pytest (>=4.3.0)", "pytest-mypy-plugins ; platform_python_implementation == \"CPython\" and python_version >= \"3.10\"", "pytest-xdist[psutil]"]
dev = ["cloudpickle ; platform_python_implementation == \"CPython\"", "hypothesis", "mypy (>=1.11.1) ; platform_python_implementation == \"CPython\" and python_version >= \"3.10\"", "pre-commit-uv", "pympler", "pytest (>=4.3.0)", "pytest-mypy-plugins ; platform_python_implementation == \"CPython\" and python_version >= \"3.10\"", "pytest-xdist[psutil]"]
docs = ["cogapp", "furo", "myst-parser", "sphinx", "sphinx-notfound-page", "sphinxcontrib-towncrier", "towncrier"]
tests = ["cloudpickle ; platform_python_implementation == \"CPython\"", "hypothesis", "mypy (>=1.11.1) ; platform_python_implementation == \"CPython\" and python_version >= \"3.10\"", "pympler", "pytest (>=4.3.0)", "pytest-mypy-plugins ; platform_python_implementation == \"CPython\" and python_version >= \"3.10\"", "pytest-xdist[psutil]"]
tests-mypy = ["mypy (>=1.11.1) ; platform_python_implementation == \"CPython\" and python_version >= \"3.10\"", "pytest-mypy-plugins ; platform_python_implementation == \"CPython\" and python_version >= \"3.10\""]

[[package]]
name = "binho-host-adapter"
version = "0.1.6"
description = "Python Libraries for Binho Multi-Protocol USB Host Adapters"
optional = false
python-versions = "*"
groups = ["main"]
files = [
    {file = "binho-host-adapter-0.1.6.tar.gz", hash = "sha256:1e6da7a84e208c13b5f489066f05774bff1d593d0f5bf1ca149c2b8e83eae856"},
    {file = "binho_host_adapter-0.1.6-py3-none-any.whl", hash = "sha256:f71ca176c1e2fc1a5dce128beb286da217555c6c7c805f2ed282a6f3507ec277"},
]

[package.dependencies]
pyserial = "*"

[[package]]
name = "fancycompleter"
version = "0.9.1"
description = "colorful TAB completion for Python prompt"
optional = false
python-versions = "*"
groups = ["dev"]
files = [
    {file = "fancycompleter-0.9.1-py3-none-any.whl", hash = "sha256:dd076bca7d9d524cc7f25ec8f35ef95388ffef9ef46def4d3d25e9b044ad7080"},
    {file = "fancycompleter-0.9.1.tar.gz", hash = "sha256:09e0feb8ae242abdfd7ef2ba55069a46f011814a80fe5476be48f51b00247272"},
]

[package.dependencies]
pyreadline = {version = "*", markers = "platform_system == \"Windows\""}
pyrepl = ">=0.8.2"

[[package]]
name = "minimalmodbus"
version = "1.0.2"
description = "Easy-to-use Modbus RTU and Modbus ASCII implementation for Python"
optional = false
python-versions = ">=2.7, !=3.0.*, !=3.1.*, !=3.2.*, !=3.3.*, !=3.4.*"
groups = ["main"]
files = [
    {file = "minimalmodbus-1.0.2-py2.py3-none-any.whl", hash = "sha256:ae979fa98887185d6ba9389e84038d49580a39241d969d098331ac225dd1b9ff"},
    {file = "minimalmodbus-1.0.2.tar.gz", hash = "sha256:5c55b1e26131e1f3b7fe55b950f8abb8a2396b77f73bc0a513cc3ef0051db526"},
]

[package.dependencies]
pyserial = ">=3.0"

[[package]]
name = "pdbpp"
version = "0.10.3"
description = "pdb++, a drop-in replacement for pdb"
optional = false
python-versions = "*"
groups = ["dev"]
files = [
    {file = "pdbpp-0.10.3-py2.py3-none-any.whl", hash = "sha256:79580568e33eb3d6f6b462b1187f53e10cd8e4538f7d31495c9181e2cf9665d1"},
    {file = "pdbpp-0.10.3.tar.gz", hash = "sha256:d9e43f4fda388eeb365f2887f4e7b66ac09dce9b6236b76f63616530e2f669f5"},
]

[package.dependencies]
fancycompleter = ">=0.8"
pygments = "*"
wmctrl = "*"

[package.extras]
funcsigs = ["funcsigs"]
testing = ["funcsigs", "pytest"]

[[package]]
name = "pyaml"
version = "25.1.0"
description = "PyYAML-based module to produce a bit more pretty and readable YAML-serialized data"
optional = false
python-versions = ">=3.8"
groups = ["dev"]
files = [
    {file = "pyaml-25.1.0-py3-none-any.whl", hash = "sha256:f7b40629d2dae88035657c860f539db3525ddd0120a11e0bcb44d47d5968b3bc"},
    {file = "pyaml-25.1.0.tar.gz", hash = "sha256:33a93ac49218f57e020b81e280d2706cea554ac5a76445ac79add760d019c709"},
]

[package.dependencies]
PyYAML = "*"

[package.extras]
anchors = ["unidecode"]

[[package]]
name = "pyftdi"
version = "0.55.4"
description = "FTDI device driver (pure Python)"
optional = false
python-versions = ">=3.8"
groups = ["main"]
files = [
    {file = "pyftdi-0.55.4-py3-none-any.whl", hash = "sha256:64a804ea1c652e6935897df7867dbba18910848cad0a4927ccdb06813c072c85"},
    {file = "pyftdi-0.55.4.tar.gz", hash = "sha256:cb2770b606507024a65e0a520bf892f239a36cec25cab45338ce3e3027de53c8"},
]

[package.dependencies]
pyserial = ">=3.0"
pyusb = ">=1.0.0,<1.2.0 || >1.2.0"

[[package]]
name = "pygments"
version = "2.19.1"
description = "Pygments is a syntax highlighting package written in Python."
optional = false
python-versions = ">=3.8"
groups = ["dev"]
files = [
    {file = "pygments-2.19.1-py3-none-any.whl", hash = "sha256:9ea1544ad55cecf4b8242fab6dd35a93bbce657034b0611ee383099054ab6d8c"},
    {file = "pygments-2.19.1.tar.gz", hash = "sha256:61c16d2a8576dc0649d9f39e089b5f02bcd27fba10d8fb4dcc28173f7a45151f"},
]

[package.extras]
windows-terminal = ["colorama (>=0.4.6)"]

[[package]]
name = "pyreadline"
version = "2.1"
description = "A python implmementation of GNU readline."
optional = false
python-versions = "*"
groups = ["dev"]
markers = "platform_system == \"Windows\""
files = [
    {file = "pyreadline-2.1.zip", hash = "sha256:4530592fc2e85b25b1a9f79664433da09237c1a270e4d78ea5aa3a2c7229e2d1"},
]

[[package]]
name = "pyrepl"
version = "0.9.0"
description = "A library for building flexible command line interfaces"
optional = false
python-versions = "*"
groups = ["dev"]
files = [
    {file = "pyrepl-0.9.0.tar.gz", hash = "sha256:292570f34b5502e871bbb966d639474f2b57fbfcd3373c2d6a2f3d56e681a775"},
]

[[package]]
name = "pyrover"
version = "0.1.0"
description = "A full-featured python client for the Renogy Rover MPPT"
optional = false
python-versions = ">=3.8"
groups = ["main"]
files = []
develop = false

[package.dependencies]
minimalmodbus = "1.0.2"
pyserial = ">=3.5,<4.0"

[package.source]
type = "git"
url = "https://github.com/sebmartin/pyrover.git"
reference = "HEAD"
resolved_reference = "c514d74dc76114fbdf58942a68b5cb36ad7d9843"

[[package]]
name = "pyserial"
version = "3.5"
description = "Python Serial Port Extension"
optional = false
python-versions = "*"
groups = ["main"]
files = [
    {file = "pyserial-3.5-py2.py3-none-any.whl", hash = "sha256:c4451db6ba391ca6ca299fb3ec7bae67a5c55dde170964c7a14ceefec02f2cf0"},
    {file = "pyserial-3.5.tar.gz", hash = "sha256:3c77e014170dfffbd816e6ffc205e9842efb10be9f58ec16d3e8675b4925cddb"},
]

[package.extras]
cp2110 = ["hidapi"]

[[package]]
name = "pyusb"
version = "1.2.1"
description = "Python USB access module"
optional = false
python-versions = ">=3.6.0"
groups = ["main"]
files = [
    {file = "pyusb-1.2.1-py3-none-any.whl", hash = "sha256:2b4c7cb86dbadf044dfb9d3a4ff69fd217013dbe78a792177a3feb172449ea36"},
    {file = "pyusb-1.2.1.tar.gz", hash = "sha256:a4cc7404a203144754164b8b40994e2849fde1cfff06b08492f12fff9d9de7b9"},
]

[[package]]
name = "pyyaml"
version = "6.0.2"
description = "YAML parser and emitter for Python"
optional = false
python-versions = ">=3.8"
groups = ["dev"]
files = [
    {file = "PyYAML-6.0.2-cp310-cp310-macosx_10_9_x86_64.whl", hash = "sha256:0a9a2848a5b7feac301353437eb7d5957887edbf81d56e903999a75a3d743086"},
    {file = "PyYAML-6.0.2-cp310-cp310-macosx_11_0_arm64.whl", hash = "sha256:29717114e51c84ddfba879543fb232a6ed60086602313ca38cce623c1d62cfbf"},
    {file = "PyYAML-6.0.2-cp310-cp310-manylinux_2_17_aarch64.manylinux2014_aarch64.whl", hash = "sha256:8824b5a04a04a047e72eea5cec3bc266db09e35de6bdfe34c9436ac5ee27d237"},
    {file = "PyYAML-6.0.2-cp310-cp310-manylinux_2_17_s390x.manylinux2014_s390x.whl", hash = "sha256:7c36280e6fb8385e520936c3cb3b8042851904eba0e58d277dca80a5cfed590b"},
    {file = "PyYAML-6.0.2-cp310-cp310-manylinux_2_17_x86_64.manylinux2014_x86_64.whl", hash = "sha256:ec031d5d2feb36d1d1a24380e4db6d43695f3748343d99434e6f5f9156aaa2ed"},
    {file = "PyYAML-6.0.2-cp310-cp310-musllinux_1_1_aarch64.whl", hash = "sha256:936d68689298c36b53b29f23c6dbb74de12b4ac12ca6cfe0e047bedceea56180"},
    {file = "PyYAML-6.0.2-cp310-cp310-musllinux_1_1_x86_64.whl", hash = "sha256:23502f431948090f597378482b4812b0caae32c22213aecf3b55325e049a6c68"},
    {file = "PyYAML-6.0.2-cp310-cp310-win32.whl", hash = "sha256:2e99c6826ffa974fe6e27cdb5ed0021786b03fc98e5ee3c5bfe1fd5015f42b99"},
    {file = "PyYAML-6.0.2-cp310-cp310-win_amd64.whl", hash = "sha256:a4d3091415f010369ae4ed1fc6b79def9416358877534caf6a0fdd2146c87a3e"},
    {file = "PyYAML-6.0.2-cp311-cp311-macosx_10_9_x86_64.whl", hash = "sha256:cc1c1159b3d456576af7a3e4d1ba7e6924cb39de8f67111c735f6fc832082774"},
    {file = "PyYAML-6.0.2-cp311-cp311-macosx_11_0_arm64.whl", hash = "sha256:1e2120ef853f59c7419231f3bf4e7021f1b936f6ebd222406c3b60212205d2ee"},
    {file = "PyYAML-6.0.2-cp311-cp311-manylinux_2_17_aarch64.manylinux2014_aarch64.whl", hash = "sha256:5d225db5a45f21e78dd9358e58a98702a0302f2659a3c6cd320564b75b86f47c"},
    {file = "PyYAML-6.0.2-cp311-cp311-manylinux_2_17_s390x.manylinux2014_s390x.whl", hash = "sha256:5ac9328ec4831237bec75defaf839f7d4564be1e6b25ac710bd1a96321cc8317"},
    {file = "PyYAML-6.0.2-cp311-cp311-manylinux_2_17_x86_64.manylinux2014_x86_64.whl", hash = "sha256:3ad2a3decf9aaba3d29c8f537ac4b243e36bef957511b4766cb0057d32b0be85"},
    {file = "PyYAML-6.0.2-cp311-cp311-musllinux_1_1_aarch64.whl", hash = "sha256:ff3824dc5261f50c9b0dfb3be22b4567a6f938ccce4587b38952d85fd9e9afe4"},
    {file = "PyYAML-6.0.2-cp311-cp311-musllinux_1_1_x86_64.whl", hash = "sha256:797b4f722ffa07cc8d62053e4cff1486fa6dc094105d13fea7b1de7d8bf71c9e"},
    {file = "PyYAML-6.0.2-cp311-cp311-win32.whl", hash = "sha256:11d8f3dd2b9c1207dcaf2ee0bbbfd5991f571186ec9cc78427ba5bd32afae4b5"},
    {file = "PyYAML-6.0.2-cp311-cp311-win_amd64.whl", hash = "sha256:e10ce637b18caea04431ce14fabcf5c64a1c61ec9c56b071a4b7ca131ca52d44"},
    {file = "PyYAML-6.0.2-cp312-cp312-macosx_10_9_x86_64.whl", hash = "sha256:c70c95198c015b85feafc136515252a261a84561b7b1d51e3384e0655ddf25ab"},
    {file = "PyYAML-6.0.2-cp312-cp312-macosx_11_0_arm64.whl", hash = "sha256:ce826d6ef20b1bc864f0a68340c8b3287705cae2f8b4b1d932177dcc76721725"},
    {file = "PyYAML-6.0.2-cp312-cp312-manylinux_2_17_aarch64.manylinux2014_aarch64.whl", hash = "sha256:1f71ea527786de97d1a0cc0eacd1defc0985dcf6b3f17bb77dcfc8c34bec4dc5"},
    {file = "PyYAML-6.0.2-cp312-cp312-manylinux_2_17_s390x.manylinux2014_s390x.whl", hash = "sha256:9b22676e8097e9e22e36d6b7bda33190d0d400f345f23d4065d48f4ca7ae0425"},
    {file = "PyYAML-6.0.2-cp312-cp312-manylinux_2_17_x86_64.manylinux2014_x86_64.whl", hash = "sha256:80bab7bfc629882493af4aa31a4cfa43a4c57c83813253626916b8c7ada83476"},
    {file = "PyYAML-6.0.2-cp312-cp312-musllinux_1_1_aarch64.whl", hash = "sha256:0833f8694549e586547b576dcfaba4a6b55b9e96098b36cdc7ebefe667dfed48"},
    {file = "PyYAML-6.0.2-cp312-cp312-musllinux_1_1_x86_64.whl", hash = "sha256:8b9c7197f7cb2738065c481a0461e50ad02f18c78cd75775628afb4d7137fb3b"},
    {file = "PyYAML-6.0.2-cp312-cp312-win32.whl", hash = "sha256:ef6107725bd54b262d6dedcc2af448a266975032bc85ef0172c5f059da6325b4"},
    {file = "PyYAML-6.0.2-cp312-cp312-win_amd64.whl", hash = "sha256:7e7401d0de89a9a855c839bc697c079a4af81cf878373abd7dc625847d25cbd8"},
    {file = "PyYAML-6.0.2-cp313-cp313-macosx_10_13_x86_64.whl", hash = "sha256:efdca5630322a10774e8e98e1af481aad470dd62c3170801852d752aa7a783ba"},
    {file = "PyYAML-6.0.2-cp313-cp313-macosx_11_0_arm64.whl", hash = "sha256:50187695423ffe49e2deacb8cd10510bc361faac997de9efef88badc3bb9e2d1"},
    {file = "PyYAML-6.0.2-cp313-cp313-manylinux_2_17_aarch64.manylinux2014_aarch64.whl", hash = "sha256:0ffe8360bab4910ef1b9e87fb812d8bc0a308b0d0eef8c8f44e0254ab3b07133"},
    {file = "PyYAML-6.0.2-cp313-cp313-manylinux_2_17_s390x.manylinux2014_s390x.whl", hash = "sha256:17e311b6c678207928d649faa7cb0d7b4c26a0ba73d41e99c4fff6b6c3276484"},
    {file = "PyYAML-6.0.2-cp313-cp313-manylinux_2_17_x86_64.manylinux2014_x86_64.whl", hash = "sha256:70b189594dbe54f75ab3a1acec5f1e3faa7e8cf2f1e08d9b561cb41b845f69d5"},
    {file = "PyYAML-6.0.2-cp313-cp313-musllinux_1_1_aarch64.whl", hash = "sha256:41e4e3953a79407c794916fa277a82531dd93aad34e29c2a514c2c0c5fe971cc"},
    {file = "PyYAML-6.0.2-cp313-cp313-musllinux_1_1_x86_64.whl", hash = "sha256:68ccc6023a3400877818152ad9a1033e3db8625d899c72eacb5a668902e4d652"},
    {file = "PyYAML-6.0.2-cp313-cp313-win32.whl", hash = "sha256:bc2fa7c6b47d6bc618dd7fb02ef6fdedb1090ec036abab80d4681424b84c1183"},
    {file = "PyYAML-6.0.2-cp313-cp313-win_amd64.whl", hash = "sha256:8388ee1976c416731879ac16da0aff3f63b286ffdd57cdeb95f3f2e085687563"},
    {file = "PyYAML-6.0.2-cp38-cp38-macosx_10_9_x86_64.whl", hash = "sha256:24471b829b3bf607e04e88d79542a9d48bb037c2267d7927a874e6c205ca7e9a"},
    {file = "PyYAML-6.0.2-cp38-cp38-manylinux_2_17_aarch64.manylinux2014_aarch64.whl", hash = "sha256:d7fded462629cfa4b685c5416b949ebad6cec74af5e2d42905d41e257e0869f5"},
    {file = "PyYAML-6.0.2-cp38-cp38-manylinux_2_17_s390x.manylinux2014_s390x.whl", hash = "sha256:d84a1718ee396f54f3a086ea0a66d8e552b2ab2017ef8b420e92edbc841c352d"},
    {file = "PyYAML-6.0.2-cp38-cp38-manylinux_2_17_x86_64.manylinux2014_x86_64.whl", hash = "sha256:9056c1ecd25795207ad294bcf39f2db3d845767be0ea6e6a34d856f006006083"},
    {file = "PyYAML-6.0.2-cp38-cp38-musllinux_1_1_x86_64.whl", hash = "sha256:82d09873e40955485746739bcb8b4586983670466c23382c19cffecbf1fd8706"},
    {file = "PyYAML-6.0.2-cp38-cp38-win32.whl", hash = "sha256:43fa96a3ca0d6b1812e01ced1044a003533c47f6ee8aca31724f78e93ccc089a"},
    {file = "PyYAML-6.0.2-cp38-cp38-win_amd64.whl", hash = "sha256:01179a4a8559ab5de078078f37e5c1a30d76bb88519906844fd7bdea1b7729ff"},
    {file = "PyYAML-6.0.2-cp39-cp39-macosx_10_9_x86_64.whl", hash = "sha256:688ba32a1cffef67fd2e9398a2efebaea461578b0923624778664cc1c914db5d"},
    {file = "PyYAML-6.0.2-cp39-cp39-macosx_11_0_arm64.whl", hash = "sha256:a8786accb172bd8afb8be14490a16625cbc387036876ab6ba70912730faf8e1f"},
    {file = "PyYAML-6.0.2-cp39-cp39-manylinux_2_17_aarch64.manylinux2014_aarch64.whl", hash = "sha256:d8e03406cac8513435335dbab54c0d385e4a49e4945d2909a581c83647ca0290"},
    {file = "PyYAML-6.0.2-cp39-cp39-manylinux_2_17_s390x.manylinux2014_s390x.whl", hash = "sha256:f753120cb8181e736c57ef7636e83f31b9c0d1722c516f7e86cf15b7aa57ff12"},
    {file = "PyYAML-6.0.2-cp39-cp39-manylinux_2_17_x86_64.manylinux2014_x86_64.whl", hash = "sha256:3b1fdb9dc17f5a7677423d508ab4f243a726dea51fa5e70992e59a7411c89d19"},
    {file = "PyYAML-6.0.2-cp39-cp39-musllinux_1_1_aarch64.whl", hash = "sha256:0b69e4ce7a131fe56b7e4d770c67429700908fc0752af059838b1cfb41960e4e"},
    {file = "PyYAML-6.0.2-cp39-cp39-musllinux_1_1_x86_64.whl", hash = "sha256:a9f8c2e67970f13b16084e04f134610fd1d374bf477b17ec1599185cf611d725"},
    {file = "PyYAML-6.0.2-cp39-cp39-win32.whl", hash = "sha256:6395c297d42274772abc367baaa79683958044e5d3835486c16da75d2a694631"},
    {file = "PyYAML-6.0.2-cp39-cp39-win_amd64.whl", hash = "sha256:39693e1f8320ae4f43943590b49779ffb98acb81f788220ea932a6b6c51004d8"},
    {file = "pyyaml-6.0.2.tar.gz", hash = "sha256:d584d9ec91ad65861cc08d42e834324ef890a082e591037abe114850ff7bbc3e"},
]

[[package]]
name = "setuptools"
version = "69.5.1"
description = "Easily download, build, install, upgrade, and uninstall Python packages"
optional = false
python-versions = ">=3.8"
groups = ["main"]
files = [
    {file = "setuptools-69.5.1-py3-none-any.whl", hash = "sha256:c636ac361bc47580504644275c9ad802c50415c7522212252c033bd15f301f32"},
    {file = "setuptools-69.5.1.tar.gz", hash = "sha256:6c1fccdac05a97e598fb0ae3bbed5904ccb317337a51139dcd51453611bbb987"},
]

[package.extras]
docs = ["furo", "jaraco.packaging (>=9.3)", "jaraco.tidelift (>=1.4)", "pygments-github-lexers (==0.0.5)", "rst.linker (>=1.9)", "sphinx (>=3.5)", "sphinx-favicon", "sphinx-inline-tabs", "sphinx-lint", "sphinx-notfound-page (>=1,<2)", "sphinx-reredirects", "sphinxcontrib-towncrier"]
testing = ["build[virtualenv]", "filelock (>=3.4.0)", "importlib-metadata", "ini2toml[lite] (>=0.9)", "jaraco.develop (>=7.21) ; python_version >= \"3.9\" and sys_platform != \"cygwin\"", "jaraco.envs (>=2.2)", "jaraco.path (>=3.2.0)", "mypy (==1.9)", "packaging (>=23.2)", "pip (>=19.1)", "pytest (>=6,!=8.1.1)", "pytest-checkdocs (>=2.4)", "pytest-cov ; platform_python_implementation != \"PyPy\"", "pytest-enabler (>=2.2)", "pytest-home (>=0.5)", "pytest-mypy", "pytest-perf ; sys_platform != \"cygwin\"", "pytest-ruff (>=0.2.1) ; sys_platform != \"cygwin\"", "pytest-timeout", "pytest-xdist (>=3)", "tomli", "tomli-w (>=1.0.0)", "virtualenv (>=13.0.0)", "wheel"]
testing-integration = ["build[virtualenv] (>=1.0.3)", "filelock (>=3.4.0)", "jaraco.envs (>=2.2)", "jaraco.path (>=3.2.0)", "packaging (>=23.2)", "pytest", "pytest-enabler", "pytest-xdist", "tomli", "virtualenv (>=13.0.0)", "wheel"]

[[package]]
name = "sysv-ipc"
version = "1.1.0"
description = "System V IPC primitives (semaphores, shared memory and message queues) for Python"
optional = false
python-versions = "*"
groups = ["main"]
markers = "sys_platform == \"linux\" and platform_machine != \"mips\""
files = [
    {file = "sysv_ipc-1.1.0-cp36-cp36m-macosx_10_9_x86_64.whl", hash = "sha256:ff6e3c98d8aa3e1ae5378d86869c4699c76f94318705d08085c97fb010770a31"},
    {file = "sysv_ipc-1.1.0-cp37-cp37m-macosx_10_9_x86_64.whl", hash = "sha256:30611dccecd8fa0dc9f83d4d465e5047692df0ec9a095abef8b90ccc64afbdaf"},
    {file = "sysv_ipc-1.1.0-cp38-cp38-macosx_10_9_x86_64.whl", hash = "sha256:4bbbe4e5ad5ab859e6d21fc8ff3e3b01082b959fa5c2cd76289dbcd56350c5f9"},
    {file = "sysv_ipc-1.1.0-cp39-cp39-macosx_10_9_x86_64.whl", hash = "sha256:61190b934b0277f7a189092dcabceee8d9736fd73de90fd9b50ea69f0bac4723"},
    {file = "sysv_ipc-1.1.0.tar.gz", hash = "sha256:0f063cbd36ec232032e425769ebc871f195a7d183b9af32f9901589ea7129ac3"},
]

[[package]]
name = "toml"
version = "0.10.2"
description = "Python Library for Tom's Obvious, Minimal Language"
optional = false
python-versions = ">=2.6, !=3.0.*, !=3.1.*, !=3.2.*"
groups = ["main"]
markers = "python_version < \"3.11\""
files = [
    {file = "toml-0.10.2-py2.py3-none-any.whl", hash = "sha256:806143ae5bfb6a3c6e736a764057db0e6a0e05e338b5630894a5f779cabb4f9b"},
    {file = "toml-0.10.2.tar.gz", hash = "sha256:b3bda1d108d5dd99f4a20d24d9c348e91c4db7ab1b749200bded2f839ccbe68f"},
]

[[package]]
name = "typing-extensions"
version = "4.13.2"
description = "Backported and Experimental Type Hints for Python 3.8+"
optional = false
python-versions = ">=3.8"
groups = ["main"]
files = [
    {file = "typing_extensions-4.13.2-py3-none-any.whl", hash = "sha256:a439e7c04b49fec3e5d3e2beaa21755cadbbdc391694e28ccdd36ca4a1408f8c"},
    {file = "typing_extensions-4.13.2.tar.gz", hash = "sha256:e6c81219bd689f51865d9e372991c540bda33a0379d5573cddb9a3a23f7caaef"},
]

[[package]]
name = "wmctrl"
version = "0.5"
description = "A tool to programmatically control windows inside X"
optional = false
python-versions = ">=2.7"
groups = ["dev"]
files = [
    {file = "wmctrl-0.5-py2.py3-none-any.whl", hash = "sha256:ae695c1863a314c899e7cf113f07c0da02a394b968c4772e1936219d9234ddd7"},
    {file = "wmctrl-0.5.tar.gz", hash = "sha256:7839a36b6fe9e2d6fd22304e5dc372dbced2116ba41283ea938b2da57f53e962"},
]

[package.dependencies]
attrs = "*"

[package.extras]
test = ["pytest"]

[metadata]
lock-version = "2.1"
python-versions = ">=3.8"
content-hash = "8a75b63bd517ba175714645f8485d76dbf9990d1567fc12304e8ec8be95ceaff"
